
Microsoft Visual Studio Solution File, Format Version 12.00
# Visual Studio Version 17
VisualStudioVersion = 17.1.32319.34
MinimumVisualStudioVersion = 10.0.40219.1
Project("{9A19103F-16F7-4668-BE54-9A1E7A4F7556}") = "API", "src\API\API.csproj", "{AE258AA8-A977-41F2-892B-6CF4AAFC1409}"
EndProject
Project("{9A19103F-16F7-4668-BE54-9A1E7A4F7556}") = "Application", "src\Application\Application.csproj", "{6D3A9C47-1F39-4E90-B69C-338BC5B8BCD4}"
EndProject
Project("{9A19103F-16F7-4668-BE54-9A1E7A4F7556}") = "Domain", "src\Domain\Domain.csproj", "{519623DB-88A0-4F5F-909D-5C2C0B8DED94}"
EndProject
Project("{9A19103F-16F7-4668-BE54-9A1E7A4F7556}") = "Infrastructure", "src\Infrastructure\Infrastructure.csproj", "{25BD2553-3047-4F92-8A32-CB1A67B8531C}"
EndProject
Project("{9A19103F-16F7-4668-BE54-9A1E7A4F7556}") = "Persistence", "src\Persistence\Persistence.csproj", "{AF96910A-6207-4995-B0CA-67A9BEAD4E11}"
EndProject
Global
	GlobalSection(SolutionConfigurationPlatforms) = preSolution
		Debug|Any CPU = Debug|Any CPU
		Release|Any CPU = Release|Any CPU
	EndGlobalSection
	GlobalSection(ProjectConfigurationPlatforms) = postSolution
		{AE258AA8-A977-41F2-892B-6CF4AAFC1409}.Debug|Any CPU.ActiveCfg = Debug|Any CPU
		{AE258AA8-A977-41F2-892B-6CF4AAFC1409}.Debug|Any CPU.Build.0 = Debug|Any CPU
		{AE258AA8-A977-41F2-892B-6CF4AAFC1409}.Release|Any CPU.ActiveCfg = Release|Any CPU
		{AE258AA8-A977-41F2-892B-6CF4AAFC1409}.Release|Any CPU.Build.0 = Release|Any CPU
		{6D3A9C47-1F39-4E90-B69C-338BC5B8BCD4}.Debug|Any CPU.ActiveCfg = Debug|Any CPU
		{6D3A9C47-1F39-4E90-B69C-338BC5B8BCD4}.Debug|Any CPU.Build.0 = Debug|Any CPU
		{6D3A9C47-1F39-4E90-B69C-338BC5B8BCD4}.Release|Any CPU.ActiveCfg = Release|Any CPU
		{6D3A9C47-1F39-4E90-B69C-338BC5B8BCD4}.Release|Any CPU.Build.0 = Release|Any CPU
		{519623DB-88A0-4F5F-909D-5C2C0B8DED94}.Debug|Any CPU.ActiveCfg = Debug|Any CPU
		{519623DB-88A0-4F5F-909D-5C2C0B8DED94}.Debug|Any CPU.Build.0 = Debug|Any CPU
		{519623DB-88A0-4F5F-909D-5C2C0B8DED94}.Release|Any CPU.ActiveCfg = Release|Any CPU
		{519623DB-88A0-4F5F-909D-5C2C0B8DED94}.Release|Any CPU.Build.0 = Release|Any CPU
		{25BD2553-3047-4F92-8A32-CB1A67B8531C}.Debug|Any CPU.ActiveCfg = Debug|Any CPU
		{25BD2553-3047-4F92-8A32-CB1A67B8531C}.Debug|Any CPU.Build.0 = Debug|Any CPU
		{25BD2553-3047-4F92-8A32-CB1A67B8531C}.Release|Any CPU.ActiveCfg = Release|Any CPU
		{25BD2553-3047-4F92-8A32-CB1A67B8531C}.Release|Any CPU.Build.0 = Release|Any CPU
		{AF96910A-6207-4995-B0CA-67A9BEAD4E11}.Debug|Any CPU.ActiveCfg = Debug|Any CPU
		{AF96910A-6207-4995-B0CA-67A9BEAD4E11}.Debug|Any CPU.Build.0 = Debug|Any CPU
		{AF96910A-6207-4995-B0CA-67A9BEAD4E11}.Release|Any CPU.ActiveCfg = Release|Any CPU
		{AF96910A-6207-4995-B0CA-67A9BEAD4E11}.Release|Any CPU.Build.0 = Release|Any CPU
	EndGlobalSection
	GlobalSection(SolutionProperties) = preSolution
		HideSolutionNode = FALSE
	EndGlobalSection
	GlobalSection(ExtensibilityGlobals) = postSolution
		SolutionGuid = {3CB16B11-3A04-4155-9839-AD0A1E15E6E7}
	EndGlobalSection
EndGlobal
